Running apply in HCP Terraform. Output will stream here. Pressing Ctrl-C
will cancel the remote apply if it's still pending. If the apply started it
will stop streaming the logs, but will not stop the apply running remotely.

Preparing the remote apply...

To view this run in a browser, visit:
https://app.terraform.io/app/khahory-organization/devsu-demo-stage/runs/run-1suq8SidqTgQ9CQx

Waiting for the plan to start...

Terraform v1.8.4
on linux_amd64
Initializing plugins and modules...
module.eks.data.aws_caller_identity.current: Refreshing...
module.eks.data.aws_caller_identity.current: Refresh complete after 0s [id=805400277843]

Terraform used the selected providers to generate the following execution
plan. Resource actions are indicated with the following symbols:
  + create

Terraform will perform the following actions:

  # module.eks.aws_eks_addon.coredns will be created
  + resource "aws_eks_addon" "coredns" {
      + addon_name                  = "coredns"
      + addon_version               = "v1.12.2-eksbuild.4"
      + arn                         = (known after apply)
      + cluster_name                = "devsu-demo-stage-eks"
      + configuration_values        = (known after apply)
      + created_at                  = (known after apply)
      + id                          = (known after apply)
      + modified_at                 = (known after apply)
      + region                      = "us-east-1"
      + resolve_conflicts_on_create = "OVERWRITE"
      + resolve_conflicts_on_update = "OVERWRITE"
      + tags_all                    = (known after apply)
    }

  # module.eks.aws_eks_addon.ebs_csi will be created
  + resource "aws_eks_addon" "ebs_csi" {
      + addon_name                  = "aws-ebs-csi-driver"
      + addon_version               = "v1.46.0-eksbuild.1"
      + arn                         = (known after apply)
      + cluster_name                = "devsu-demo-stage-eks"
      + configuration_values        = (known after apply)
      + created_at                  = (known after apply)
      + id                          = (known after apply)
      + modified_at                 = (known after apply)
      + region                      = "us-east-1"
      + resolve_conflicts_on_create = "OVERWRITE"
      + resolve_conflicts_on_update = "OVERWRITE"
      + service_account_role_arn    = (known after apply)
      + tags_all                    = (known after apply)
    }

  # module.eks.aws_eks_addon.kube_proxy will be created
  + resource "aws_eks_addon" "kube_proxy" {
      + addon_name                  = "kube-proxy"
      + addon_version               = "v1.33.0-eksbuild.2"
      + arn                         = (known after apply)
      + cluster_name                = "devsu-demo-stage-eks"
      + configuration_values        = (known after apply)
      + created_at                  = (known after apply)
      + id                          = (known after apply)
      + modified_at                 = (known after apply)
      + region                      = "us-east-1"
      + resolve_conflicts_on_create = "OVERWRITE"
      + resolve_conflicts_on_update = "OVERWRITE"
      + tags_all                    = (known after apply)
    }

  # module.eks.aws_eks_addon.vpc_cni will be created
  + resource "aws_eks_addon" "vpc_cni" {
      + addon_name                  = "vpc-cni"
      + addon_version               = "v1.20.0-eksbuild.1"
      + arn                         = (known after apply)
      + cluster_name                = "devsu-demo-stage-eks"
      + configuration_values        = (known after apply)
      + created_at                  = (known after apply)
      + id                          = (known after apply)
      + modified_at                 = (known after apply)
      + region                      = "us-east-1"
      + resolve_conflicts_on_create = "OVERWRITE"
      + resolve_conflicts_on_update = "OVERWRITE"
      + tags_all                    = (known after apply)
    }

  # module.eks.aws_eks_cluster.this will be created
  + resource "aws_eks_cluster" "this" {
      + arn                           = (known after apply)
      + bootstrap_self_managed_addons = true
      + certificate_authority         = (known after apply)
      + cluster_id                    = (known after apply)
      + created_at                    = (known after apply)
      + enabled_cluster_log_types     = [
          + "api",
          + "audit",
          + "authenticator",
          + "controllerManager",
          + "scheduler",
        ]
      + endpoint                      = (known after apply)
      + id                            = (known after apply)
      + identity                      = (known after apply)
      + name                          = "devsu-demo-stage-eks"
      + platform_version              = (known after apply)
      + region                        = "us-east-1"
      + role_arn                      = (known after apply)
      + status                        = (known after apply)
      + tags                          = {
          + "Create" = "Terraform"
          + "Env"    = "stage"
          + "Name"   = "devsu-demo-stage-eks-cluster"
          + "Owner"  = "Developers"
          + "Type"   = "eks-cluster"
        }
      + tags_all                      = {
          + "Create" = "Terraform"
          + "Env"    = "stage"
          + "Name"   = "devsu-demo-stage-eks-cluster"
          + "Owner"  = "Developers"
          + "Type"   = "eks-cluster"
        }
      + version                       = "1.33"

      + vpc_config {
          + cluster_security_group_id = (known after apply)
          + endpoint_private_access   = false
          + endpoint_public_access    = true
          + public_access_cidrs       = (known after apply)
          + security_group_ids        = (known after apply)
          + subnet_ids                = [
              + "subnet-02a2e55ee540b55ff",
              + "subnet-03c20fa52ba674879",
            ]
          + vpc_id                    = (known after apply)
        }
    }

  # module.eks.aws_eks_node_group.this will be created
  + resource "aws_eks_node_group" "this" {
      + ami_type               = "AL2023_ARM_64_STANDARD"
      + arn                    = (known after apply)
      + capacity_type          = "ON_DEMAND"
      + cluster_name           = "devsu-demo-stage-eks"
      + disk_size              = (known after apply)
      + id                     = (known after apply)
      + instance_types         = [
          + "t4g.medium",
        ]
      + labels                 = {
          + "env" = "stage"
        }
      + node_group_name        = "devsu-demo-stage-node-group"
      + node_group_name_prefix = (known after apply)
      + node_role_arn          = (known after apply)
      + region                 = "us-east-1"
      + release_version        = (known after apply)
      + resources              = (known after apply)
      + status                 = (known after apply)
      + subnet_ids             = [
          + "subnet-02a2e55ee540b55ff",
          + "subnet-03c20fa52ba674879",
        ]
      + tags                   = {
          + "Create" = "Terraform"
          + "Env"    = "stage"
          + "Name"   = "devsu-demo-stage-eks-node-group"
          + "Owner"  = "Developers"
          + "Type"   = "eks-node-group"
        }
      + tags_all               = {
          + "Create" = "Terraform"
          + "Env"    = "stage"
          + "Name"   = "devsu-demo-stage-eks-node-group"
          + "Owner"  = "Developers"
          + "Type"   = "eks-node-group"
        }
      + version                = "1.33"

      + scaling_config {
          + desired_size = 1
          + max_size     = 2
          + min_size     = 1
        }

      + update_config {
          + max_unavailable = 1
        }
    }

  # module.eks.aws_iam_role.ebs_csi_driver will be created
  + resource "aws_iam_role" "ebs_csi_driver" {
      + arn                   = (known after apply)
      + assume_role_policy    = (known after apply)
      + create_date           = (known after apply)
      + force_detach_policies = false
      + id                    = (known after apply)
      + managed_policy_arns   = (known after apply)
      + max_session_duration  = 3600
      + name                  = "devsu-demo-stage-eks-ebs-csi-driver-role"
      + name_prefix           = (known after apply)
      + path                  = "/"
      + tags                  = {
          + "Create" = "Terraform"
          + "Env"    = "stage"
          + "Name"   = "devsu-demo-stage-eks-cluster"
          + "Owner"  = "Developers"
          + "Type"   = "eks-cluster"
        }
      + tags_all              = {
          + "Create" = "Terraform"
          + "Env"    = "stage"
          + "Name"   = "devsu-demo-stage-eks-cluster"
          + "Owner"  = "Developers"
          + "Type"   = "eks-cluster"
        }
      + unique_id             = (known after apply)
    }

  # module.eks.aws_iam_role.eks_cluster will be created
  + resource "aws_iam_role" "eks_cluster" {
      + arn                   = (known after apply)
      + assume_role_policy    = jsonencode(
            {
              + Statement = [
                  + {
                      + Action    = "sts:AssumeRole"
                      + Effect    = "Allow"
                      + Principal = {
                          + Service = "eks.amazonaws.com"
                        }
                    },
                ]
              + Version   = "2012-10-17"
            }
        )
      + create_date           = (known after apply)
      + force_detach_policies = false
      + id                    = (known after apply)
      + managed_policy_arns   = (known after apply)
      + max_session_duration  = 3600
      + name                  = "devsu-demo-stage-eks-cluster-role"
      + name_prefix           = (known after apply)
      + path                  = "/"
      + tags                  = {
          + "Create" = "Terraform"
          + "Env"    = "stage"
          + "Name"   = "devsu-demo-stage-eks-cluster"
          + "Owner"  = "Developers"
          + "Type"   = "eks-cluster"
        }
      + tags_all              = {
          + "Create" = "Terraform"
          + "Env"    = "stage"
          + "Name"   = "devsu-demo-stage-eks-cluster"
          + "Owner"  = "Developers"
          + "Type"   = "eks-cluster"
        }
      + unique_id             = (known after apply)
    }

  # module.eks.aws_iam_role.eks_node_group will be created
  + resource "aws_iam_role" "eks_node_group" {
      + arn                   = (known after apply)
      + assume_role_policy    = jsonencode(
            {
              + Statement = [
                  + {
                      + Action    = "sts:AssumeRole"
                      + Effect    = "Allow"
                      + Principal = {
                          + Service = "ec2.amazonaws.com"
                        }
                    },
                ]
              + Version   = "2012-10-17"
            }
        )
      + create_date           = (known after apply)
      + force_detach_policies = false
      + id                    = (known after apply)
      + managed_policy_arns   = (known after apply)
      + max_session_duration  = 3600
      + name                  = "devsu-demo-stage-eks-node-group-role"
      + name_prefix           = (known after apply)
      + path                  = "/"
      + tags                  = {
          + "Create" = "Terraform"
          + "Env"    = "stage"
          + "Name"   = "devsu-demo-stage-eks-node-group"
          + "Owner"  = "Developers"
          + "Type"   = "eks-node-group"
        }
      + tags_all              = {
          + "Create" = "Terraform"
          + "Env"    = "stage"
          + "Name"   = "devsu-demo-stage-eks-node-group"
          + "Owner"  = "Developers"
          + "Type"   = "eks-node-group"
        }
      + unique_id             = (known after apply)
    }

  # module.eks.aws_iam_role_policy_attachment.ebs_csi_driver_policy will be created
  + resource "aws_iam_role_policy_attachment" "ebs_csi_driver_policy" {
      + id         = (known after apply)
      + policy_arn = "arn:aws:iam::aws:policy/service-role/AmazonEBSCSIDriverPolicy"
      + role       = "devsu-demo-stage-eks-ebs-csi-driver-role"
    }

  # module.eks.aws_iam_role_policy_attachment.ec2_container_registry_read_only will be created
  + resource "aws_iam_role_policy_attachment" "ec2_container_registry_read_only" {
      + id         = (known after apply)
      + policy_arn = "arn:aws:iam::aws:policy/AmazonEC2ContainerRegistryReadOnly"
      + role       = "devsu-demo-stage-eks-node-group-role"
    }

  # module.eks.aws_iam_role_policy_attachment.eks_cluster_policy will be created
  + resource "aws_iam_role_policy_attachment" "eks_cluster_policy" {
      + id         = (known after apply)
      + policy_arn = "arn:aws:iam::aws:policy/AmazonEKSClusterPolicy"
      + role       = "devsu-demo-stage-eks-cluster-role"
    }

  # module.eks.aws_iam_role_policy_attachment.eks_cni_policy will be created
  + resource "aws_iam_role_policy_attachment" "eks_cni_policy" {
      + id         = (known after apply)
      + policy_arn = "arn:aws:iam::aws:policy/AmazonEKS_CNI_Policy"
      + role       = "devsu-demo-stage-eks-node-group-role"
    }

  # module.eks.aws_iam_role_policy_attachment.eks_vpc_resource_controller will be created
  + resource "aws_iam_role_policy_attachment" "eks_vpc_resource_controller" {
      + id         = (known after apply)
      + policy_arn = "arn:aws:iam::aws:policy/AmazonEKSVPCResourceController"
      + role       = "devsu-demo-stage-eks-cluster-role"
    }

  # module.eks.aws_iam_role_policy_attachment.eks_worker_node_policy will be created
  + resource "aws_iam_role_policy_attachment" "eks_worker_node_policy" {
      + id         = (known after apply)
      + policy_arn = "arn:aws:iam::aws:policy/AmazonEKSWorkerNodePolicy"
      + role       = "devsu-demo-stage-eks-node-group-role"
    }

  # module.eks.aws_security_group.eks_cluster will be created
  + resource "aws_security_group" "eks_cluster" {
      + arn                    = (known after apply)
      + description            = "EKS cluster security group"
      + egress                 = [
          + {
              + cidr_blocks      = [
                  + "0.0.0.0/0",
                ]
              + from_port        = 0
              + ipv6_cidr_blocks = []
              + prefix_list_ids  = []
              + protocol         = "-1"
              + security_groups  = []
              + self             = false
              + to_port          = 0
                # (1 unchanged attribute hidden)
            },
        ]
      + id                     = (known after apply)
      + ingress                = (known after apply)
      + name                   = (known after apply)
      + name_prefix            = "devsu-demo-stage-eks-cluster-"
      + owner_id               = (known after apply)
      + region                 = "us-east-1"
      + revoke_rules_on_delete = false
      + tags                   = {
          + "Create" = "Terraform"
          + "Env"    = "stage"
          + "Name"   = "devsu-demo-stage-eks-cluster"
          + "Owner"  = "Developers"
          + "Type"   = "eks-cluster"
        }
      + tags_all               = {
          + "Create" = "Terraform"
          + "Env"    = "stage"
          + "Name"   = "devsu-demo-stage-eks-cluster"
          + "Owner"  = "Developers"
          + "Type"   = "eks-cluster"
        }
      + vpc_id                 = "vpc-08d0bf1a6fd73939b"
    }

  # module.eks.aws_security_group.eks_node_group will be created
  + resource "aws_security_group" "eks_node_group" {
      + arn                    = (known after apply)
      + description            = "EKS node group security group"
      + egress                 = [
          + {
              + cidr_blocks      = [
                  + "0.0.0.0/0",
                ]
              + from_port        = 0
              + ipv6_cidr_blocks = []
              + prefix_list_ids  = []
              + protocol         = "-1"
              + security_groups  = []
              + self             = false
              + to_port          = 0
                # (1 unchanged attribute hidden)
            },
        ]
      + id                     = (known after apply)
      + ingress                = [
          + {
              + cidr_blocks      = []
              + from_port        = 1025
              + ipv6_cidr_blocks = []
              + prefix_list_ids  = []
              + protocol         = "tcp"
              + security_groups  = (known after apply)
              + self             = false
              + to_port          = 65535
                # (1 unchanged attribute hidden)
            },
          + {
              + cidr_blocks      = []
              + from_port        = 443
              + ipv6_cidr_blocks = []
              + prefix_list_ids  = []
              + protocol         = "tcp"
              + security_groups  = (known after apply)
              + self             = false
              + to_port          = 443
                # (1 unchanged attribute hidden)
            },
        ]
      + name                   = (known after apply)
      + name_prefix            = "devsu-demo-stage-eks-node-group-"
      + owner_id               = (known after apply)
      + region                 = "us-east-1"
      + revoke_rules_on_delete = false
      + tags                   = {
          + "Create" = "Terraform"
          + "Env"    = "stage"
          + "Name"   = "devsu-demo-stage-eks-node-group"
          + "Owner"  = "Developers"
          + "Type"   = "eks-node-group"
        }
      + tags_all               = {
          + "Create" = "Terraform"
          + "Env"    = "stage"
          + "Name"   = "devsu-demo-stage-eks-node-group"
          + "Owner"  = "Developers"
          + "Type"   = "eks-node-group"
        }
      + vpc_id                 = "vpc-08d0bf1a6fd73939b"
    }

Plan: 17 to add, 0 to change, 0 to destroy.

Changes to Outputs:
  + eks_cluster_certificate_authority_data = (known after apply)
  + eks_cluster_endpoint                   = (known after apply)
  + eks_cluster_id                         = (known after apply)
  + eks_cluster_name                       = "devsu-demo-stage-eks"
  + eks_cluster_oidc_issuer_url            = (known after apply)
  + eks_cluster_version                    = "1.33"
  + eks_node_group_id                      = (known after apply)
  + eks_node_group_name                    = "devsu-demo-stage-node-group"

module.eks.aws_iam_role.eks_cluster: Creating...
module.eks.aws_iam_role.eks_node_group: Creating...
module.eks.aws_security_group.eks_cluster: Creating...
module.eks.aws_iam_role.eks_node_group: Creation complete after 0s [id=devsu-demo-stage-eks-node-group-role]
module.eks.aws_iam_role_policy_attachment.eks_worker_node_policy: Creating...
module.eks.aws_iam_role_policy_attachment.ec2_container_registry_read_only: Creating...
module.eks.aws_iam_role_policy_attachment.eks_cni_policy: Creating...
module.eks.aws_iam_role.eks_cluster: Creation complete after 0s [id=devsu-demo-stage-eks-cluster-role]
module.eks.aws_iam_role_policy_attachment.eks_cluster_policy: Creating...
module.eks.aws_iam_role_policy_attachment.eks_vpc_resource_controller: Creating...
module.eks.aws_iam_role_policy_attachment.eks_cni_policy: Creation complete after 0s [id=devsu-demo-stage-eks-node-group-role/arn:aws:iam::aws:policy/AmazonEKS_CNI_Policy]
module.eks.aws_iam_role_policy_attachment.ec2_container_registry_read_only: Creation complete after 0s [id=devsu-demo-stage-eks-node-group-role/arn:aws:iam::aws:policy/AmazonEC2ContainerRegistryReadOnly]
module.eks.aws_iam_role_policy_attachment.eks_cluster_policy: Creation complete after 0s [id=devsu-demo-stage-eks-cluster-role/arn:aws:iam::aws:policy/AmazonEKSClusterPolicy]
module.eks.aws_iam_role_policy_attachment.eks_worker_node_policy: Creation complete after 0s [id=devsu-demo-stage-eks-node-group-role/arn:aws:iam::aws:policy/AmazonEKSWorkerNodePolicy]
module.eks.aws_iam_role_policy_attachment.eks_vpc_resource_controller: Creation complete after 0s [id=devsu-demo-stage-eks-cluster-role/arn:aws:iam::aws:policy/AmazonEKSVPCResourceController]
module.eks.aws_security_group.eks_cluster: Creation complete after 2s [id=sg-0c2cb33a6d75bd84e]
module.eks.aws_security_group.eks_node_group: Creating...
module.eks.aws_eks_cluster.this: Creating...
module.eks.aws_security_group.eks_node_group: Creation complete after 3s [id=sg-0cebcd8586084d7dc]
module.eks.aws_eks_cluster.this: Still creating... [10s elapsed]
module.eks.aws_eks_cluster.this: Still creating... [20s elapsed]
module.eks.aws_eks_cluster.this: Still creating... [30s elapsed]
module.eks.aws_eks_cluster.this: Still creating... [40s elapsed]
module.eks.aws_eks_cluster.this: Still creating... [50s elapsed]
module.eks.aws_eks_cluster.this: Still creating... [1m0s elapsed]
module.eks.aws_eks_cluster.this: Still creating... [1m10s elapsed]
module.eks.aws_eks_cluster.this: Still creating... [1m20s elapsed]
module.eks.aws_eks_cluster.this: Still creating... [1m30s elapsed]
module.eks.aws_eks_cluster.this: Still creating... [1m40s elapsed]
module.eks.aws_eks_cluster.this: Still creating... [1m50s elapsed]
module.eks.aws_eks_cluster.this: Still creating... [2m0s elapsed]
module.eks.aws_eks_cluster.this: Still creating... [2m10s elapsed]
module.eks.aws_eks_cluster.this: Still creating... [2m20s elapsed]
module.eks.aws_eks_cluster.this: Still creating... [2m30s elapsed]
module.eks.aws_eks_cluster.this: Still creating... [2m40s elapsed]
module.eks.aws_eks_cluster.this: Still creating... [2m50s elapsed]
module.eks.aws_eks_cluster.this: Still creating... [3m0s elapsed]
module.eks.aws_eks_cluster.this: Still creating... [3m10s elapsed]
module.eks.aws_eks_cluster.this: Still creating... [3m20s elapsed]
module.eks.aws_eks_cluster.this: Still creating... [3m30s elapsed]
module.eks.aws_eks_cluster.this: Still creating... [3m40s elapsed]
module.eks.aws_eks_cluster.this: Still creating... [3m50s elapsed]
module.eks.aws_eks_cluster.this: Still creating... [4m0s elapsed]
module.eks.aws_eks_cluster.this: Still creating... [4m10s elapsed]
module.eks.aws_eks_cluster.this: Still creating... [4m20s elapsed]
module.eks.aws_eks_cluster.this: Still creating... [4m30s elapsed]
module.eks.aws_eks_cluster.this: Still creating... [4m40s elapsed]
module.eks.aws_eks_cluster.this: Still creating... [4m50s elapsed]
module.eks.aws_eks_cluster.this: Still creating... [5m0s elapsed]
module.eks.aws_eks_cluster.this: Still creating... [5m10s elapsed]
module.eks.aws_eks_cluster.this: Still creating... [5m20s elapsed]
module.eks.aws_eks_cluster.this: Still creating... [5m30s elapsed]
module.eks.aws_eks_cluster.this: Still creating... [5m40s elapsed]
module.eks.aws_eks_cluster.this: Still creating... [5m50s elapsed]
module.eks.aws_eks_cluster.this: Still creating... [6m0s elapsed]
module.eks.aws_eks_cluster.this: Still creating... [6m10s elapsed]
module.eks.aws_eks_cluster.this: Still creating... [6m20s elapsed]
module.eks.aws_eks_cluster.this: Still creating... [6m30s elapsed]
module.eks.aws_eks_cluster.this: Still creating... [6m40s elapsed]
module.eks.aws_eks_cluster.this: Still creating... [6m50s elapsed]
module.eks.aws_eks_cluster.this: Still creating... [7m0s elapsed]
module.eks.aws_eks_cluster.this: Creation complete after 7m1s [id=devsu-demo-stage-eks]
module.eks.aws_iam_role.ebs_csi_driver: Creating...
module.eks.aws_eks_node_group.this: Creating...
module.eks.aws_iam_role.ebs_csi_driver: Creation complete after 0s [id=devsu-demo-stage-eks-ebs-csi-driver-role]
module.eks.aws_iam_role_policy_attachment.ebs_csi_driver_policy: Creating...
module.eks.aws_iam_role_policy_attachment.ebs_csi_driver_policy: Creation complete after 1s [id=devsu-demo-stage-eks-ebs-csi-driver-role/arn:aws:iam::aws:policy/service-role/AmazonEBSCSIDriverPolicy]
module.eks.aws_eks_node_group.this: Still creating... [10s elapsed]
module.eks.aws_eks_node_group.this: Still creating... [20s elapsed]
module.eks.aws_eks_node_group.this: Still creating... [30s elapsed]
module.eks.aws_eks_node_group.this: Still creating... [40s elapsed]
module.eks.aws_eks_node_group.this: Still creating... [50s elapsed]
module.eks.aws_eks_node_group.this: Still creating... [1m0s elapsed]
module.eks.aws_eks_node_group.this: Still creating... [1m10s elapsed]
module.eks.aws_eks_node_group.this: Still creating... [1m20s elapsed]
module.eks.aws_eks_node_group.this: Still creating... [1m30s elapsed]
module.eks.aws_eks_node_group.this: Still creating... [1m40s elapsed]
module.eks.aws_eks_node_group.this: Still creating... [1m50s elapsed]
module.eks.aws_eks_node_group.this: Still creating... [2m0s elapsed]
module.eks.aws_eks_node_group.this: Still creating... [2m10s elapsed]
module.eks.aws_eks_node_group.this: Still creating... [2m20s elapsed]
module.eks.aws_eks_node_group.this: Still creating... [2m30s elapsed]
module.eks.aws_eks_node_group.this: Still creating... [2m40s elapsed]
module.eks.aws_eks_node_group.this: Still creating... [2m50s elapsed]
module.eks.aws_eks_node_group.this: Still creating... [3m0s elapsed]
module.eks.aws_eks_node_group.this: Still creating... [3m10s elapsed]
module.eks.aws_eks_node_group.this: Still creating... [3m20s elapsed]
module.eks.aws_eks_node_group.this: Still creating... [3m30s elapsed]
module.eks.aws_eks_node_group.this: Still creating... [3m40s elapsed]
module.eks.aws_eks_node_group.this: Still creating... [3m50s elapsed]
module.eks.aws_eks_node_group.this: Still creating... [4m0s elapsed]
module.eks.aws_eks_node_group.this: Still creating... [4m10s elapsed]
module.eks.aws_eks_node_group.this: Still creating... [4m20s elapsed]
module.eks.aws_eks_node_group.this: Still creating... [4m30s elapsed]
module.eks.aws_eks_node_group.this: Creation complete after 4m38s [id=devsu-demo-stage-eks:devsu-demo-stage-node-group]
module.eks.aws_eks_addon.kube_proxy: Creating...
module.eks.aws_eks_addon.ebs_csi: Creating...
module.eks.aws_eks_addon.vpc_cni: Creating...
module.eks.aws_eks_addon.coredns: Creating...
module.eks.aws_eks_addon.kube_proxy: Creation complete after 8s [id=devsu-demo-stage-eks:kube-proxy]
module.eks.aws_eks_addon.ebs_csi: Still creating... [10s elapsed]
module.eks.aws_eks_addon.vpc_cni: Still creating... [10s elapsed]
module.eks.aws_eks_addon.coredns: Still creating... [10s elapsed]
module.eks.aws_eks_addon.vpc_cni: Still creating... [20s elapsed]
module.eks.aws_eks_addon.ebs_csi: Still creating... [20s elapsed]
module.eks.aws_eks_addon.coredns: Still creating... [20s elapsed]
module.eks.aws_eks_addon.vpc_cni: Still creating... [30s elapsed]
module.eks.aws_eks_addon.ebs_csi: Still creating... [30s elapsed]
module.eks.aws_eks_addon.coredns: Still creating... [30s elapsed]
module.eks.aws_eks_addon.coredns: Still creating... [40s elapsed]
module.eks.aws_eks_addon.ebs_csi: Still creating... [40s elapsed]
module.eks.aws_eks_addon.vpc_cni: Still creating... [40s elapsed]
module.eks.aws_eks_addon.vpc_cni: Creation complete after 45s [id=devsu-demo-stage-eks:vpc-cni]
module.eks.aws_eks_addon.coredns: Creation complete after 45s [id=devsu-demo-stage-eks:coredns]
module.eks.aws_eks_addon.ebs_csi: Still creating... [50s elapsed]
module.eks.aws_eks_addon.ebs_csi: Creation complete after 55s [id=devsu-demo-stage-eks:aws-ebs-csi-driver]

Apply complete! Resources: 17 added, 0 changed, 0 destroyed.

Outputs:
eks_cluster_oidc_issuer_url = "https://oidc.eks.us-east-1.amazonaws.com/id/6648F6E1AB1E02C842D4132693C570AA"
eks_cluster_version = "1.33"
eks_node_group_id = "devsu-demo-stage-eks:devsu-demo-stage-node-group"
eks_node_group_name = "devsu-demo-stage-node-group"
eks_cluster_certificate_authority_data = "LS0tLS1CRUdJTiBDRVJUSUZJQ0FURS0tLS0tCk1JSURCVENDQWUyZ0F3SUJBZ0lJSi9Tb0xsMnFLeFF3RFFZSktvWklodmNOQVFFTEJRQXdGVEVUTUJFR0ExVUUKQXhNS2EzVmlaWEp1WlhSbGN6QWVGdzB5TlRBNE1EUXdNakU0TXpkYUZ3MHpOVEE0TURJd01qSXpNemRhTUJVeApFekFSQmdOVkJBTVRDbXQxWW1WeWJtVjBaWE13Z2dFaU1BMEdDU3FHU0liM0RRRUJBUVVBQTRJQkR3QXdnZ0VLCkFvSUJBUUMrY08xVWJ3bkwxTzRURFhnWUpLQ0dPbkh6Y3RUTzAwZ3ZPWTF5Syt3RjZyMWhieThSU1ZTRVNtbFoKelBBdkloWnVaQkJuN08wTGtCRFNWT3pNa2J0d0NubHdMN1kxcUZydkNNT2ZSaEtXQ0MzT0hHN0dXWU5OeU0vTgpFbExsRUQyTy9WN2xjeC9QdXZPczl1SjRZbXZ2NVg5cEtKWUd5SGtSbjVUWFV0TU5sWkxLaU9LbnpYYjRYaGswCmVhVGxjYWwrMUg0b3NCbENsNXM4ZkJlMktVK3VPa2tnZTFhclY2aVhDMXVTWmJoZkx1T1B5UCtvc3FzYlI1N24KTGlCbHhkZXRjSHprRU5HQS9PTy9yaGFqeFlwRXppRS9hMEY2Mzk4d0VleEIzcUxYZGRtc2Jxc2RWd1QzdUhGbApBRlpyRy9nM2JVcWMzK0pVZlFkZmJRRXd1cUJCQWdNQkFBR2pXVEJYTUE0R0ExVWREd0VCL3dRRUF3SUNwREFQCkJnTlZIUk1CQWY4RUJUQURBUUgvTUIwR0ExVWREZ1FXQkJUblF1MHJxLzAzUks3WmZCcHZaS25ES2RxWWdUQVYKQmdOVkhSRUVEakFNZ2dwcmRXSmxjbTVsZEdWek1BMEdDU3FHU0liM0RRRUJDd1VBQTRJQkFRQlBmUkdsOFNkVQoyQ3REZ2ZpUEpZVjlzZGZsN0tkVmt1WklzNHpiNGFZTXZzRitYUHJRRkRVQ2swMWE5K1hUUkp5NGxwS01XVEc3CnUzU3cvV21ZMHpLL1Z4TGQzamJwNUExQ1ZqVjJxRTRjL1pkNzBJYnhhUE16NEZIeFVvWjltRHhwY1pFeHNXcHkKSzNqb3JjdHVPY2t4YkV4M1MwamJ3aEZGeTFQdzN4aHVESXhYejVCUVM3T2dLRHFDR25UVHlxQ2syRXdoOUtyUwpiSE1nckU5bThJNVFCb05mb0xqT1N5NFpnNUxYQ1dQdE55M3hhQkNqYjNueWx4RFg4MWhSNXFsN2xIRk5aVXJOCjlzVm1naEJOVGpZamtndld0bTg0L1pVWmJ6WWhsdEwxZ21NZC9aS2dEdDZ1SWJncWZ6WGVmdVlEVVZmL0ZKN1kKV09IN0VDaGduU0pJCi0tLS0tRU5EIENFUlRJRklDQVRFLS0tLS0K"
eks_cluster_endpoint = "https://6648F6E1AB1E02C842D4132693C570AA.gr7.us-east-1.eks.amazonaws.com"
eks_cluster_id = "devsu-demo-stage-eks"
eks_cluster_name = "devsu-demo-stage-eks"
